
Microsoft Visual Studio Solution File, Format Version 12.00
# Visual Studio 15
VisualStudioVersion = 15.0.28107.0
MinimumVisualStudioVersion = 10.0.40219.1
Project("{FAE04EC0-301F-11D3-BF4B-00C04F79EFBC}") = "ResourceTagging", "ResourceTagging\ResourceTagging.csproj", "{37743BE2-DCDA-41FB-85C2-DC0EE8879BEE}"
EndProject
Global
	GlobalSection(SolutionConfigurationPlatforms) = preSolution
		Debug|Any CPU = Debug|Any CPU
		Release|Any CPU = Release|Any CPU
	EndGlobalSection
	GlobalSection(ProjectConfigurationPlatforms) = postSolution
		{37743BE2-DCDA-41FB-85C2-DC0EE8879BEE}.Debug|Any CPU.ActiveCfg = Debug|Any CPU
		{37743BE2-DCDA-41FB-85C2-DC0EE8879BEE}.Debug|Any CPU.Build.0 = Debug|Any CPU
		{37743BE2-DCDA-41FB-85C2-DC0EE8879BEE}.Release|Any CPU.ActiveCfg = Release|Any CPU
		{37743BE2-DCDA-41FB-85C2-DC0EE8879BEE}.Release|Any CPU.Build.0 = Release|Any CPU
	EndGlobalSection
	GlobalSection(SolutionProperties) = preSolution
		HideSolutionNode = FALSE
	EndGlobalSection
	GlobalSection(ExtensibilityGlobals) = postSolution
		SolutionGuid = {F3A57919-AD9D-4E42-9BE9-87705E77D46E}
	EndGlobalSection
EndGlobal
